// !$*UTF8*$!
{
	archiveVersion = 1;
	classes = {
	};
	objectVersion = 56;
	objects = {

/* Begin PBXBuildFile section */
		7C117E132C4BE49F006B9B45 /* AppDelegate.swift in Sources */ = {isa = PBXBuildFile; fileRef = 7C117E122C4BE49F006B9B45 /* AppDelegate.swift */; };
		7C117E192C4BE49F006B9B45 /* GameScene.swift in Sources */ = {isa = PBXBuildFile; fileRef = 7C117E182C4BE49F006B9B45 /* GameScene.swift */; };
		7C117E1B2C4BE49F006B9B45 /* GameViewController.swift in Sources */ = {isa = PBXBuildFile; fileRef = 7C117E1A2C4BE49F006B9B45 /* GameViewController.swift */; };
		7C117E1E2C4BE49F006B9B45 /* Base in Resources */ = {isa = PBXBuildFile; fileRef = 7C117E1D2C4BE49F006B9B45 /* Base */; };
		7C117E232C4BE4A0006B9B45 /* Base in Resources */ = {isa = PBXBuildFile; fileRef = 7C117E222C4BE4A0006B9B45 /* Base */; };
		7C117E2C2C4BF053006B9B45 /* SplashScene.swift in Sources */ = {isa = PBXBuildFile; fileRef = 7C117E2B2C4BF053006B9B45 /* SplashScene.swift */; };
		7C117E2E2C4BF7E2006B9B45 /* SplashViewController.swift in Sources */ = {isa = PBXBuildFile; fileRef = 7C117E2D2C4BF7E2006B9B45 /* SplashViewController.swift */; };
		7C117E312C4C1ECD006B9B45 /* GameMenuViewController.swift in Sources */ = {isa = PBXBuildFile; fileRef = 7C117E302C4C1ECD006B9B45 /* GameMenuViewController.swift */; };
		7C170FEE2C4D56E6003CCD88 /* Actions.sks in Resources */ = {isa = PBXBuildFile; fileRef = 7C170FED2C4D56E6003CCD88 /* Actions.sks */; };
		7C170FF02C4D5707003CCD88 /* GameScene.sks in Resources */ = {isa = PBXBuildFile; fileRef = 7C170FEF2C4D5707003CCD88 /* GameScene.sks */; };
		7C87EEFB2C4FB53F00672D16 /* PresentViewController.swift in Sources */ = {isa = PBXBuildFile; fileRef = 7C87EEFA2C4FB53F00672D16 /* PresentViewController.swift */; };
		7C897ACB2C4EB16B0003C970 /* win.mp3 in Resources */ = {isa = PBXBuildFile; fileRef = 7C897ACA2C4EB16B0003C970 /* win.mp3 */; };
		7C897AD12C4EC1FD0003C970 /* card_flip.mp3 in Resources */ = {isa = PBXBuildFile; fileRef = 7C897AD02C4EC1FD0003C970 /* card_flip.mp3 */; };
		7C897AD92C4EDD5E0003C970 /* Assets.xcassets in Resources */ = {isa = PBXBuildFile; fileRef = 7C897AD82C4EDD5E0003C970 /* Assets.xcassets */; };
/* End PBXBuildFile section */

/* Begin PBXFileReference section */
		7C117E0F2C4BE49F006B9B45 /* Memory match.app */ = {isa = PBXFileReference; explicitFileType = wrapper.application; includeInIndex = 0; path = "Memory match.app"; sourceTree = BUILT_PRODUCTS_DIR; };
		7C117E122C4BE49F006B9B45 /* AppDelegate.swift */ = {isa = PBXFileReference; lastKnownFileType = sourcecode.swift; path = AppDelegate.swift; sourceTree = "<group>"; };
		7C117E182C4BE49F006B9B45 /* GameScene.swift */ = {isa = PBXFileReference; lastKnownFileType = sourcecode.swift; path = GameScene.swift; sourceTree = "<group>"; };
		7C117E1A2C4BE49F006B9B45 /* GameViewController.swift */ = {isa = PBXFileReference; lastKnownFileType = sourcecode.swift; path = GameViewController.swift; sourceTree = "<group>"; };
		7C117E1D2C4BE49F006B9B45 /* Base */ = {isa = PBXFileReference; lastKnownFileType = file.storyboard; name = Base; path = Base.lproj/Main.storyboard; sourceTree = "<group>"; };
		7C117E222C4BE4A0006B9B45 /* Base */ = {isa = PBXFileReference; lastKnownFileType = file.storyboard; name = Base; path = Base.lproj/LaunchScreen.storyboard; sourceTree = "<group>"; };
		7C117E2B2C4BF053006B9B45 /* SplashScene.swift */ = {isa = PBXFileReference; lastKnownFileType = sourcecode.swift; path = SplashScene.swift; sourceTree = "<group>"; };
		7C117E2D2C4BF7E2006B9B45 /* SplashViewController.swift */ = {isa = PBXFileReference; lastKnownFileType = sourcecode.swift; path = SplashViewController.swift; sourceTree = "<group>"; };
		7C117E302C4C1ECD006B9B45 /* GameMenuViewController.swift */ = {isa = PBXFileReference; lastKnownFileType = sourcecode.swift; path = GameMenuViewController.swift; sourceTree = "<group>"; };
		7C170FED2C4D56E6003CCD88 /* Actions.sks */ = {isa = PBXFileReference; lastKnownFileType = file.sks; path = Actions.sks; sourceTree = "<group>"; };
		7C170FEF2C4D5707003CCD88 /* GameScene.sks */ = {isa = PBXFileReference; lastKnownFileType = file.sks; path = GameScene.sks; sourceTree = "<group>"; };
		7C87EEFA2C4FB53F00672D16 /* PresentViewController.swift */ = {isa = PBXFileReference; lastKnownFileType = sourcecode.swift; path = PresentViewController.swift; sourceTree = "<group>"; };
		7C897ACA2C4EB16B0003C970 /* win.mp3 */ = {isa = PBXFileReference; lastKnownFileType = audio.mp3; path = win.mp3; sourceTree = "<group>"; };
		7C897AD02C4EC1FD0003C970 /* card_flip.mp3 */ = {isa = PBXFileReference; lastKnownFileType = audio.mp3; path = card_flip.mp3; sourceTree = "<group>"; };
		7C897AD82C4EDD5E0003C970 /* Assets.xcassets */ = {isa = PBXFileReference; lastKnownFileType = folder.assetcatalog; path = Assets.xcassets; sourceTree = "<group>"; };
/* End PBXFileReference section */

/* Begin PBXFrameworksBuildPhase section */
		7C117E0C2C4BE49F006B9B45 /* Frameworks */ = {
			isa = PBXFrameworksBuildPhase;
			buildActionMask = 2147483647;
			files = (
			);
			runOnlyForDeploymentPostprocessing = 0;
		};
/* End PBXFrameworksBuildPhase section */

/* Begin PBXGroup section */
		7C117E062C4BE49F006B9B45 = {
			isa = PBXGroup;
			children = (
				7C117E112C4BE49F006B9B45 /* Memory match */,
				7C117E102C4BE49F006B9B45 /* Products */,
			);
			sourceTree = "<group>";
		};
		7C117E102C4BE49F006B9B45 /* Products */ = {
			isa = PBXGroup;
			children = (
				7C117E0F2C4BE49F006B9B45 /* Memory match.app */,
			);
			name = Products;
			sourceTree = "<group>";
		};
		7C117E112C4BE49F006B9B45 /* Memory match */ = {
			isa = PBXGroup;
			children = (
				7C117E122C4BE49F006B9B45 /* AppDelegate.swift */,
				7C170FEF2C4D5707003CCD88 /* GameScene.sks */,
				7C170FED2C4D56E6003CCD88 /* Actions.sks */,
				7C117E182C4BE49F006B9B45 /* GameScene.swift */,
				7C117E1A2C4BE49F006B9B45 /* GameViewController.swift */,
				7C117E302C4C1ECD006B9B45 /* GameMenuViewController.swift */,
				7C87EEFA2C4FB53F00672D16 /* PresentViewController.swift */,
				7C117E2F2C4C19CC006B9B45 /* Splash */,
				7C117E1C2C4BE49F006B9B45 /* Main.storyboard */,
				7C117E212C4BE4A0006B9B45 /* LaunchScreen.storyboard */,
				7C897AD82C4EDD5E0003C970 /* Assets.xcassets */,
				7C897ACA2C4EB16B0003C970 /* win.mp3 */,
				7C897AD02C4EC1FD0003C970 /* card_flip.mp3 */,
			);
			path = "Memory match";
			sourceTree = "<group>";
		};
		7C117E2F2C4C19CC006B9B45 /* Splash */ = {
			isa = PBXGroup;
			children = (
				7C117E2D2C4BF7E2006B9B45 /* SplashViewController.swift */,
				7C117E2B2C4BF053006B9B45 /* SplashScene.swift */,
			);
			path = Splash;
			sourceTree = "<group>";
		};
/* End PBXGroup section */

/* Begin PBXNativeTarget section */
		7C117E0E2C4BE49F006B9B45 /* Memory match */ = {
			isa = PBXNativeTarget;
			buildConfigurationList = 7C117E262C4BE4A0006B9B45 /* Build configuration list for PBXNativeTarget "Memory match" */;
			buildPhases = (
				7C117E0B2C4BE49F006B9B45 /* Sources */,
				7C117E0C2C4BE49F006B9B45 /* Frameworks */,
				7C117E0D2C4BE49F006B9B45 /* Resources */,
			);
			buildRules = (
			);
			dependencies = (
			);
			name = "Memory match";
			productName = "Memory match";
			productReference = 7C117E0F2C4BE49F006B9B45 /* Memory match.app */;
			productType = "com.apple.product-type.application";
		};
/* End PBXNativeTarget section */

/* Begin PBXProject section */
		7C117E072C4BE49F006B9B45 /* Project object */ = {
			isa = PBXProject;
			attributes = {
				BuildIndependentTargetsInParallel = 1;
				LastSwiftUpdateCheck = 1540;
				LastUpgradeCheck = 1540;
				TargetAttributes = {
					7C117E0E2C4BE49F006B9B45 = {
						CreatedOnToolsVersion = 15.4;
					};
				};
			};
			buildConfigurationList = 7C117E0A2C4BE49F006B9B45 /* Build configuration list for PBXProject "Memory match" */;
			compatibilityVersion = "Xcode 14.0";
			developmentRegion = en;
			hasScannedForEncodings = 0;
			knownRegions = (
				en,
				Base,
			);
			mainGroup = 7C117E062C4BE49F006B9B45;
			productRefGroup = 7C117E102C4BE49F006B9B45 /* Products */;
			projectDirPath = "";
			projectRoot = "";
			targets = (
				7C117E0E2C4BE49F006B9B45 /* Memory match */,
			);
		};
/* End PBXProject section */

/* Begin PBXResourcesBuildPhase section */
		7C117E0D2C4BE49F006B9B45 /* Resources */ = {
			isa = PBXResourcesBuildPhase;
			buildActionMask = 2147483647;
			files = (
				7C897AD12C4EC1FD0003C970 /* card_flip.mp3 in Resources */,
				7C117E1E2C4BE49F006B9B45 /* Base in Resources */,
				7C170FF02C4D5707003CCD88 /* GameScene.sks in Resources */,
				7C897ACB2C4EB16B0003C970 /* win.mp3 in Resources */,
				7C897AD92C4EDD5E0003C970 /* Assets.xcassets in Resources */,
				7C117E232C4BE4A0006B9B45 /* Base in Resources */,
				7C170FEE2C4D56E6003CCD88 /* Actions.sks in Resources */,
			);
			runOnlyForDeploymentPostprocessing = 0;
		};
/* End PBXResourcesBuildPhase section */

/* Begin PBXSourcesBuildPhase section */
		7C117E0B2C4BE49F006B9B45 /* Sources */ = {
			isa = PBXSourcesBuildPhase;
			buildActionMask = 2147483647;
			files = (
				7C117E192C4BE49F006B9B45 /* GameScene.swift in Sources */,
				7C87EEFB2C4FB53F00672D16 /* PresentViewController.swift in Sources */,
				7C117E312C4C1ECD006B9B45 /* GameMenuViewController.swift in Sources */,
				7C117E1B2C4BE49F006B9B45 /* GameViewController.swift in Sources */,
				7C117E132C4BE49F006B9B45 /* AppDelegate.swift in Sources */,
				7C117E2C2C4BF053006B9B45 /* SplashScene.swift in Sources */,
				7C117E2E2C4BF7E2006B9B45 /* SplashViewController.swift in Sources */,
			);
			runOnlyForDeploymentPostprocessing = 0;
		};
/* End PBXSourcesBuildPhase section */

/* Begin PBXVariantGroup section */
		7C117E1C2C4BE49F006B9B45 /* Main.storyboard */ = {
			isa = PBXVariantGroup;
			children = (
				7C117E1D2C4BE49F006B9B45 /* Base */,
			);
			name = Main.storyboard;
			sourceTree = "<group>";
		};
		7C117E212C4BE4A0006B9B45 /* LaunchScreen.storyboard */ = {
			isa = PBXVariantGroup;
			children = (
				7C117E222C4BE4A0006B9B45 /* Base */,
			);
			name = LaunchScreen.storyboard;
			sourceTree = "<group>";
		};
/* End PBXVariantGroup section */

/* Begin XCBuildConfiguration section */
		7C117E242C4BE4A0006B9B45 /* Debug */ = {
			isa = XCBuildConfiguration;
			buildSettings = {
				ALWAYS_SEARCH_USER_PATHS = NO;
				ASSETCATALOG_COMPILER_GENERATE_SWIFT_ASSET_SYMBOL_EXTENSIONS = YES;
				CLANG_ANALYZER_NONNULL = YES;
				CLANG_ANALYZER_NUMBER_OBJECT_CONVERSION = YES_AGGRESSIVE;
				CLANG_CXX_LANGUAGE_STANDARD = "gnu++20";
				CLANG_ENABLE_MODULES = YES;
				CLANG_ENABLE_OBJC_ARC = YES;
				CLANG_ENABLE_OBJC_WEAK = YES;
				CLANG_WARN_BLOCK_CAPTURE_AUTORELEASING = YES;
				CLANG_WARN_BOOL_CONVERSION = YES;
				CLANG_WARN_COMMA = YES;
				CLANG_WARN_CONSTANT_CONVERSION = YES;
				CLANG_WARN_DEPRECATED_OBJC_IMPLEMENTATIONS = YES;
				CLANG_WARN_DIRECT_OBJC_ISA_USAGE = YES_ERROR;
				CLANG_WARN_DOCUMENTATION_COMMENTS = YES;
				CLANG_WARN_EMPTY_BODY = YES;
				CLANG_WARN_ENUM_CONVERSION = YES;
				CLANG_WARN_INFINITE_RECURSION = YES;
				CLANG_WARN_INT_CONVERSION = YES;
				CLANG_WARN_NON_LITERAL_NULL_CONVERSION = YES;
				CLANG_WARN_OBJC_IMPLICIT_RETAIN_SELF = YES;
				CLANG_WARN_OBJC_LITERAL_CONVERSION = YES;
				CLANG_WARN_OBJC_ROOT_CLASS = YES_ERROR;
				CLANG_WARN_QUOTED_INCLUDE_IN_FRAMEWORK_HEADER = YES;
				CLANG_WARN_RANGE_LOOP_ANALYSIS = YES;
				CLANG_WARN_STRICT_PROTOTYPES = YES;
				CLANG_WARN_SUSPICIOUS_MOVE = YES;
				CLANG_WARN_UNGUARDED_AVAILABILITY = YES_AGGRESSIVE;
				CLANG_WARN_UNREACHABLE_CODE = YES;
				CLANG_WARN__DUPLICATE_METHOD_MATCH = YES;
				COPY_PHASE_STRIP = NO;
				DEBUG_INFORMATION_FORMAT = dwarf;
				ENABLE_STRICT_OBJC_MSGSEND = YES;
				ENABLE_TESTABILITY = YES;
				ENABLE_USER_SCRIPT_SANDBOXING = YES;
				GCC_C_LANGUAGE_STANDARD = gnu17;
				GCC_DYNAMIC_NO_PIC = NO;
				GCC_NO_COMMON_BLOCKS = YES;
				GCC_OPTIMIZATION_LEVEL = 0;
				GCC_PREPROCESSOR_DEFINITIONS = (
					"DEBUG=1",
					"$(inherited)",
				);
				GCC_WARN_64_TO_32_BIT_CONVERSION = YES;
				GCC_WARN_ABOUT_RETURN_TYPE = YES_ERROR;
				GCC_WARN_UNDECLARED_SELECTOR = YES;
				GCC_WARN_UNINITIALIZED_AUTOS = YES_AGGRESSIVE;
				GCC_WARN_UNUSED_FUNCTION = YES;
				GCC_WARN_UNUSED_VARIABLE = YES;
				IPHONEOS_DEPLOYMENT_TARGET = 17.5;
				LOCALIZATION_PREFERS_STRING_CATALOGS = YES;
				MTL_ENABLE_DEBUG_INFO = INCLUDE_SOURCE;
				MTL_FAST_MATH = YES;
				ONLY_ACTIVE_ARCH = YES;
				SDKROOT = iphoneos;
				SWIFT_ACTIVE_COMPILATION_CONDITIONS = "DEBUG $(inherited)";
				SWIFT_OPTIMIZATION_LEVEL = "-Onone";
			};
			name = Debug;
		};
		7C117E252C4BE4A0006B9B45 /* Release */ = {
			isa = XCBuildConfiguration;
			buildSettings = {
				ALWAYS_SEARCH_USER_PATHS = NO;
				ASSETCATALOG_COMPILER_GENERATE_SWIFT_ASSET_SYMBOL_EXTENSIONS = YES;
				CLANG_ANALYZER_NONNULL = YES;
				CLANG_ANALYZER_NUMBER_OBJECT_CONVERSION = YES_AGGRESSIVE;
				CLANG_CXX_LANGUAGE_STANDARD = "gnu++20";
				CLANG_ENABLE_MODULES = YES;
				CLANG_ENABLE_OBJC_ARC = YES;
				CLANG_ENABLE_OBJC_WEAK = YES;
				CLANG_WARN_BLOCK_CAPTURE_AUTORELEASING = YES;
				CLANG_WARN_BOOL_CONVERSION = YES;
				CLANG_WARN_COMMA = YES;
				CLANG_WARN_CONSTANT_CONVERSION = YES;
				CLANG_WARN_DEPRECATED_OBJC_IMPLEMENTATIONS = YES;
				CLANG_WARN_DIRECT_OBJC_ISA_USAGE = YES_ERROR;
				CLANG_WARN_DOCUMENTATION_COMMENTS = YES;
				CLANG_WARN_EMPTY_BODY = YES;
				CLANG_WARN_ENUM_CONVERSION = YES;
				CLANG_WARN_INFINITE_RECURSION = YES;
				CLANG_WARN_INT_CONVERSION = YES;
				CLANG_WARN_NON_LITERAL_NULL_CONVERSION = YES;
				CLANG_WARN_OBJC_IMPLICIT_RETAIN_SELF = YES;
				CLANG_WARN_OBJC_LITERAL_CONVERSION = YES;
				CLANG_WARN_OBJC_ROOT_CLASS = YES_ERROR;
				CLANG_WARN_QUOTED_INCLUDE_IN_FRAMEWORK_HEADER = YES;
				CLANG_WARN_RANGE_LOOP_ANALYSIS = YES;
				CLANG_WARN_STRICT_PROTOTYPES = YES;
				CLANG_WARN_SUSPICIOUS_MOVE = YES;
				CLANG_WARN_UNGUARDED_AVAILABILITY = YES_AGGRESSIVE;
				CLANG_WARN_UNREACHABLE_CODE = YES;
				CLANG_WARN__DUPLICATE_METHOD_MATCH = YES;
				COPY_PHASE_STRIP = NO;
				DEBUG_INFORMATION_FORMAT = "dwarf-with-dsym";
				ENABLE_NS_ASSERTIONS = NO;
				ENABLE_STRICT_OBJC_MSGSEND = YES;
				ENABLE_USER_SCRIPT_SANDBOXING = YES;
				GCC_C_LANGUAGE_STANDARD = gnu17;
				GCC_NO_COMMON_BLOCKS = YES;
				GCC_WARN_64_TO_32_BIT_CONVERSION = YES;
				GCC_WARN_ABOUT_RETURN_TYPE = YES_ERROR;
				GCC_WARN_UNDECLARED_SELECTOR = YES;
				GCC_WARN_UNINITIALIZED_AUTOS = YES_AGGRESSIVE;
				GCC_WARN_UNUSED_FUNCTION = YES;
				GCC_WARN_UNUSED_VARIABLE = YES;
				IPHONEOS_DEPLOYMENT_TARGET = 17.5;
				LOCALIZATION_PREFERS_STRING_CATALOGS = YES;
				MTL_ENABLE_DEBUG_INFO = NO;
				MTL_FAST_MATH = YES;
				SDKROOT = iphoneos;
				SWIFT_COMPILATION_MODE = wholemodule;
				VALIDATE_PRODUCT = YES;
			};
			name = Release;
		};
		7C117E272C4BE4A0006B9B45 /* Debug */ = {
			isa = XCBuildConfiguration;
			buildSettings = {
				ASSETCATALOG_COMPILER_APPICON_NAME = AppIcon;
				ASSETCATALOG_COMPILER_GLOBAL_ACCENT_COLOR_NAME = AccentColor;
				CODE_SIGN_IDENTITY = "Apple Development";
				CODE_SIGN_STYLE = Manual;
				CURRENT_PROJECT_VERSION = 1;
				DEVELOPMENT_TEAM = "";
				GENERATE_INFOPLIST_FILE = YES;
				INFOPLIST_KEY_UIApplicationSupportsIndirectInputEvents = YES;
				INFOPLIST_KEY_UILaunchStoryboardName = LaunchScreen;
				INFOPLIST_KEY_UIMainStoryboardFile = Main;
				INFOPLIST_KEY_UIStatusBarHidden = YES;
				INFOPLIST_KEY_UISupportedInterfaceOrientations_iPad = "UIInterfaceOrientationPortrait UIInterfaceOrientationPortraitUpsideDown UIInterfaceOrientationLandscapeLeft UIInterfaceOrientationLandscapeRight";
				INFOPLIST_KEY_UISupportedInterfaceOrientations_iPhone = "UIInterfaceOrientationPortrait UIInterfaceOrientationLandscapeLeft UIInterfaceOrientationLandscapeRight";
				IPHONEOS_DEPLOYMENT_TARGET = 16.4;
				LD_RUNPATH_SEARCH_PATHS = (
					"$(inherited)",
					"@executable_path/Frameworks",
				);
				MARKETING_VERSION = 1.0;
				PRODUCT_BUNDLE_IDENTIFIER = "bup.Memory-match";
				PRODUCT_NAME = "$(TARGET_NAME)";
				PROVISIONING_PROFILE_SPECIFIER = "";
				SWIFT_EMIT_LOC_STRINGS = YES;
				SWIFT_VERSION = 5.0;
				TARGETED_DEVICE_FAMILY = "1,2";
			};
			name = Debug;
		};
		7C117E282C4BE4A0006B9B45 /* Release */ = {
			isa = XCBuildConfiguration;
			buildSettings = {
				ASSETCATALOG_COMPILER_APPICON_NAME = AppIcon;
				ASSETCATALOG_COMPILER_GLOBAL_ACCENT_COLOR_NAME = AccentColor;
				CODE_SIGN_IDENTITY = "Apple Development";
				CODE_SIGN_STYLE = Manual;
				CURRENT_PROJECT_VERSION = 1;
				DEVELOPMENT_TEAM = "";
				GENERATE_INFOPLIST_FILE = YES;
				INFOPLIST_KEY_UIApplicationSupportsIndirectInputEvents = YES;
				INFOPLIST_KEY_UILaunchStoryboardName = LaunchScreen;
				INFOPLIST_KEY_UIMainStoryboardFile = Main;
				INFOPLIST_KEY_UIStatusBarHidden = YES;
				INFOPLIST_KEY_UISupportedInterfaceOrientations_iPad = "UIInterfaceOrientationPortrait UIInterfaceOrientationPortraitUpsideDown UIInterfaceOrientationLandscapeLeft UIInterfaceOrientationLandscapeRight";
				INFOPLIST_KEY_UISupportedInterfaceOrientations_iPhone = "UIInterfaceOrientationPortrait UIInterfaceOrientationLandscapeLeft UIInterfaceOrientationLandscapeRight";
				IPHONEOS_DEPLOYMENT_TARGET = 16.4;
				LD_RUNPATH_SEARCH_PATHS = (
					"$(inherited)",
					"@executable_path/Frameworks",
				);
				MARKETING_VERSION = 1.0;
				PRODUCT_BUNDLE_IDENTIFIER = "bup.Memory-match";
				PRODUCT_NAME = "$(TARGET_NAME)";
				PROVISIONING_PROFILE_SPECIFIER = "";
				SWIFT_EMIT_LOC_STRINGS = YES;
				SWIFT_VERSION = 5.0;
				TARGETED_DEVICE_FAMILY = "1,2";
			};
			name = Release;
		};
/* End XCBuildConfiguration section */

/* Begin XCConfigurationList section */
		7C117E0A2C4BE49F006B9B45 /* Build configuration list for PBXProject "Memory match" */ = {
			isa = XCConfigurationList;
			buildConfigurations = (
				7C117E242C4BE4A0006B9B45 /* Debug */,
				7C117E252C4BE4A0006B9B45 /* Release */,
			);
			defaultConfigurationIsVisible = 0;
			defaultConfigurationName = Release;
		};
		7C117E262C4BE4A0006B9B45 /* Build configuration list for PBXNativeTarget "Memory match" */ = {
			isa = XCConfigurationList;
			buildConfigurations = (
				7C117E272C4BE4A0006B9B45 /* Debug */,
				7C117E282C4BE4A0006B9B45 /* Release */,
			);
			defaultConfigurationIsVisible = 0;
			defaultConfigurationName = Release;
		};
/* End XCConfigurationList section */
	};
	rootObject = 7C117E072C4BE49F006B9B45 /* Project object */;
}
